// !$*UTF8*$!
{
	archiveVersion = 1;
	classes = {
	};
	objectVersion = 77;
	objects = {

/* Begin PBXContainerItemProxy section */
		92FA5CC52D7BC1CB006506D0 /* PBXContainerItemProxy */ = {
			isa = PBXContainerItemProxy;
			containerPortal = 92FA5CAB2D7BC1CA006506D0 /* Project object */;
			proxyType = 1;
			remoteGlobalIDString = 92FA5CB22D7BC1CA006506D0;
			remoteInfo = SpaceScrible;
		};
		92FA5CCF2D7BC1CB006506D0 /* PBXContainerItemProxy */ = {
			isa = PBXContainerItemProxy;
			containerPortal = 92FA5CAB2D7BC1CA006506D0 /* Project object */;
			proxyType = 1;
			remoteGlobalIDString = 92FA5CB22D7BC1CA006506D0;
			remoteInfo = SpaceScrible;
		};
/* End PBXContainerItemProxy section */

/* Begin PBXFileReference section */
		92FA5CB32D7BC1CA006506D0 /* SpaceScrible.app */ = {isa = PBXFileReference; explicitFileType = wrapper.application; includeInIndex = 0; path = SpaceScrible.app; sourceTree = BUILT_PRODUCTS_DIR; };
		92FA5CC42D7BC1CB006506D0 /* SpaceScribleTests.xctest */ = {isa = PBXFileReference; explicitFileType = wrapper.cfbundle; includeInIndex = 0; path = SpaceScribleTests.xctest; sourceTree = BUILT_PRODUCTS_DIR; };
		92FA5CCE2D7BC1CB006506D0 /* SpaceScribleUITests.xctest */ = {isa = PBXFileReference; explicitFileType = wrapper.cfbundle; includeInIndex = 0; path = SpaceScribleUITests.xctest; sourceTree = BUILT_PRODUCTS_DIR; };
/* End PBXFileReference section */

/* Begin PBXFileSystemSynchronizedRootGroup section */
		92FA5CB52D7BC1CA006506D0 /* SpaceScrible */ = {
			isa = PBXFileSystemSynchronizedRootGroup;
			path = SpaceScrible;
			sourceTree = "<group>";
		};
		92FA5CC72D7BC1CB006506D0 /* SpaceScribleTests */ = {
			isa = PBXFileSystemSynchronizedRootGroup;
			path = SpaceScribleTests;
			sourceTree = "<group>";
		};
		92FA5CD12D7BC1CB006506D0 /* SpaceScribleUITests */ = {
			isa = PBXFileSystemSynchronizedRootGroup;
			path = SpaceScribleUITests;
			sourceTree = "<group>";
		};
/* End PBXFileSystemSynchronizedRootGroup section */

/* Begin PBXFrameworksBuildPhase section */
		92FA5CB02D7BC1CA006506D0 /* Frameworks */ = {
			isa = PBXFrameworksBuildPhase;
			buildActionMask = 2147483647;
			files = (
			);
			runOnlyForDeploymentPostprocessing = 0;
		};
		92FA5CC12D7BC1CB006506D0 /* Frameworks */ = {
			isa = PBXFrameworksBuildPhase;
			buildActionMask = 2147483647;
			files = (
			);
			runOnlyForDeploymentPostprocessing = 0;
		};
		92FA5CCB2D7BC1CB006506D0 /* Frameworks */ = {
			isa = PBXFrameworksBuildPhase;
			buildActionMask = 2147483647;
			files = (
			);
			runOnlyForDeploymentPostprocessing = 0;
		};
/* End PBXFrameworksBuildPhase section */

/* Begin PBXGroup section */
		92FA5CAA2D7BC1CA006506D0 = {
			isa = PBXGroup;
			children = (
				92FA5CB52D7BC1CA006506D0 /* SpaceScrible */,
				92FA5CC72D7BC1CB006506D0 /* SpaceScribleTests */,
				92FA5CD12D7BC1CB006506D0 /* SpaceScribleUITests */,
				92FA5CB42D7BC1CA006506D0 /* Products */,
			);
			sourceTree = "<group>";
			usesTabs = 0;
		};
		92FA5CB42D7BC1CA006506D0 /* Products */ = {
			isa = PBXGroup;
			children = (
				92FA5CB32D7BC1CA006506D0 /* SpaceScrible.app */,
				92FA5CC42D7BC1CB006506D0 /* SpaceScribleTests.xctest */,
				92FA5CCE2D7BC1CB006506D0 /* SpaceScribleUITests.xctest */,
			);
			name = Products;
			sourceTree = "<group>";
		};
/* End PBXGroup section */

/* Begin PBXNativeTarget section */
		92FA5CB22D7BC1CA006506D0 /* SpaceScrible */ = {
			isa = PBXNativeTarget;
			buildConfigurationList = 92FA5CD82D7BC1CB006506D0 /* Build configuration list for PBXNativeTarget "SpaceScrible" */;
			buildPhases = (
				92FA5CAF2D7BC1CA006506D0 /* Sources */,
				92FA5CB02D7BC1CA006506D0 /* Frameworks */,
				92FA5CB12D7BC1CA006506D0 /* Resources */,
			);
			buildRules = (
			);
			dependencies = (
			);
			fileSystemSynchronizedGroups = (
				92FA5CB52D7BC1CA006506D0 /* SpaceScrible */,
			);
			name = SpaceScrible;
			packageProductDependencies = (
			);
			productName = SpaceScrible;
			productReference = 92FA5CB32D7BC1CA006506D0 /* SpaceScrible.app */;
			productType = "com.apple.product-type.application";
		};
		92FA5CC32D7BC1CB006506D0 /* SpaceScribleTests */ = {
			isa = PBXNativeTarget;
			buildConfigurationList = 92FA5CDB2D7BC1CB006506D0 /* Build configuration list for PBXNativeTarget "SpaceScribleTests" */;
			buildPhases = (
				92FA5CC02D7BC1CB006506D0 /* Sources */,
				92FA5CC12D7BC1CB006506D0 /* Frameworks */,
				92FA5CC22D7BC1CB006506D0 /* Resources */,
			);
			buildRules = (
			);
			dependencies = (
				92FA5CC62D7BC1CB006506D0 /* PBXTargetDependency */,
			);
			fileSystemSynchronizedGroups = (
				92FA5CC72D7BC1CB006506D0 /* SpaceScribleTests */,
			);
			name = SpaceScribleTests;
			packageProductDependencies = (
			);
			productName = SpaceScribleTests;
			productReference = 92FA5CC42D7BC1CB006506D0 /* SpaceScribleTests.xctest */;
			productType = "com.apple.product-type.bundle.unit-test";
		};
		92FA5CCD2D7BC1CB006506D0 /* SpaceScribleUITests */ = {
			isa = PBXNativeTarget;
			buildConfigurationList = 92FA5CDE2D7BC1CB006506D0 /* Build configuration list for PBXNativeTarget "SpaceScribleUITests" */;
			buildPhases = (
				92FA5CCA2D7BC1CB006506D0 /* Sources */,
				92FA5CCB2D7BC1CB006506D0 /* Frameworks */,
				92FA5CCC2D7BC1CB006506D0 /* Resources */,
			);
			buildRules = (
			);
			dependencies = (
				92FA5CD02D7BC1CB006506D0 /* PBXTargetDependency */,
			);
			fileSystemSynchronizedGroups = (
				92FA5CD12D7BC1CB006506D0 /* SpaceScribleUITests */,
			);
			name = SpaceScribleUITests;
			packageProductDependencies = (
			);
			productName = SpaceScribleUITests;
			productReference = 92FA5CCE2D7BC1CB006506D0 /* SpaceScribleUITests.xctest */;
			productType = "com.apple.product-type.bundle.ui-testing";
		};
/* End PBXNativeTarget section */

/* Begin PBXProject section */
		92FA5CAB2D7BC1CA006506D0 /* Project object */ = {
			isa = PBXProject;
			attributes = {
				BuildIndependentTargetsInParallel = 1;
				LastSwiftUpdateCheck = 1620;
				LastUpgradeCheck = 1620;
				TargetAttributes = {
					92FA5CB22D7BC1CA006506D0 = {
						CreatedOnToolsVersion = 16.2;
					};
					92FA5CC32D7BC1CB006506D0 = {
						CreatedOnToolsVersion = 16.2;
						TestTargetID = 92FA5CB22D7BC1CA006506D0;
					};
					92FA5CCD2D7BC1CB006506D0 = {
						CreatedOnToolsVersion = 16.2;
						TestTargetID = 92FA5CB22D7BC1CA006506D0;
					};
				};
			};
			buildConfigurationList = 92FA5CAE2D7BC1CA006506D0 /* Build configuration list for PBXProject "SpaceScrible" */;
			developmentRegion = en;
			hasScannedForEncodings = 0;
			knownRegions = (
				en,
				Base,
			);
			mainGroup = 92FA5CAA2D7BC1CA006506D0;
			minimizedProjectReferenceProxies = 1;
			preferredProjectObjectVersion = 77;
			productRefGroup = 92FA5CB42D7BC1CA006506D0 /* Products */;
			projectDirPath = "";
			projectRoot = "";
			targets = (
				92FA5CB22D7BC1CA006506D0 /* SpaceScrible */,
				92FA5CC32D7BC1CB006506D0 /* SpaceScribleTests */,
				92FA5CCD2D7BC1CB006506D0 /* SpaceScribleUITests */,
			);
		};
/* End PBXProject section */

/* Begin PBXResourcesBuildPhase section */
		92FA5CB12D7BC1CA006506D0 /* Resources */ = {
			isa = PBXResourcesBuildPhase;
			buildActionMask = 2147483647;
			files = (
			);
			runOnlyForDeploymentPostprocessing = 0;
		};
		92FA5CC22D7BC1CB006506D0 /* Resources */ = {
			isa = PBXResourcesBuildPhase;
			buildActionMask = 2147483647;
			files = (
			);
			runOnlyForDeploymentPostprocessing = 0;
		};
		92FA5CCC2D7BC1CB006506D0 /* Resources */ = {
			isa = PBXResourcesBuildPhase;
			buildActionMask = 2147483647;
			files = (
			);
			runOnlyForDeploymentPostprocessing = 0;
		};
/* End PBXResourcesBuildPhase section */

/* Begin PBXSourcesBuildPhase section */
		92FA5CAF2D7BC1CA006506D0 /* Sources */ = {
			isa = PBXSourcesBuildPhase;
			buildActionMask = 2147483647;
			files = (
			);
			runOnlyForDeploymentPostprocessing = 0;
		};
		92FA5CC02D7BC1CB006506D0 /* Sources */ = {
			isa = PBXSourcesBuildPhase;
			buildActionMask = 2147483647;
			files = (
			);
			runOnlyForDeploymentPostprocessing = 0;
		};
		92FA5CCA2D7BC1CB006506D0 /* Sources */ = {
			isa = PBXSourcesBuildPhase;
			buildActionMask = 2147483647;
			files = (
			);
			runOnlyForDeploymentPostprocessing = 0;
		};
/* End PBXSourcesBuildPhase section */

/* Begin PBXTargetDependency section */
		92FA5CC62D7BC1CB006506D0 /* PBXTargetDependency */ = {
			isa = PBXTargetDependency;
			target = 92FA5CB22D7BC1CA006506D0 /* SpaceScrible */;
			targetProxy = 92FA5CC52D7BC1CB006506D0 /* PBXContainerItemProxy */;
		};
		92FA5CD02D7BC1CB006506D0 /* PBXTargetDependency */ = {
			isa = PBXTargetDependency;
			target = 92FA5CB22D7BC1CA006506D0 /* SpaceScrible */;
			targetProxy = 92FA5CCF2D7BC1CB006506D0 /* PBXContainerItemProxy */;
		};
/* End PBXTargetDependency section */

/* Begin XCBuildConfiguration section */
		92FA5CD62D7BC1CB006506D0 /* Debug */ = {
			isa = XCBuildConfiguration;
			buildSettings = {
				ALWAYS_SEARCH_USER_PATHS = NO;
				ASSETCATALOG_COMPILER_GENERATE_SWIFT_ASSET_SYMBOL_EXTENSIONS = YES;
				CLANG_ANALYZER_NONNULL = YES;
				CLANG_ANALYZER_NUMBER_OBJECT_CONVERSION = YES_AGGRESSIVE;
				CLANG_CXX_LANGUAGE_STANDARD = "gnu++20";
				CLANG_ENABLE_MODULES = YES;
				CLANG_ENABLE_OBJC_ARC = YES;
				CLANG_ENABLE_OBJC_WEAK = YES;
				CLANG_WARN_BLOCK_CAPTURE_AUTORELEASING = YES;
				CLANG_WARN_BOOL_CONVERSION = YES;
				CLANG_WARN_COMMA = YES;
				CLANG_WARN_CONSTANT_CONVERSION = YES;
				CLANG_WARN_DEPRECATED_OBJC_IMPLEMENTATIONS = YES;
				CLANG_WARN_DIRECT_OBJC_ISA_USAGE = YES_ERROR;
				CLANG_WARN_DOCUMENTATION_COMMENTS = YES;
				CLANG_WARN_EMPTY_BODY = YES;
				CLANG_WARN_ENUM_CONVERSION = YES;
				CLANG_WARN_INFINITE_RECURSION = YES;
				CLANG_WARN_INT_CONVERSION = YES;
				CLANG_WARN_NON_LITERAL_NULL_CONVERSION = YES;
				CLANG_WARN_OBJC_IMPLICIT_RETAIN_SELF = YES;
				CLANG_WARN_OBJC_LITERAL_CONVERSION = YES;
				CLANG_WARN_OBJC_ROOT_CLASS = YES_ERROR;
				CLANG_WARN_QUOTED_INCLUDE_IN_FRAMEWORK_HEADER = YES;
				CLANG_WARN_RANGE_LOOP_ANALYSIS = YES;
				CLANG_WARN_STRICT_PROTOTYPES = YES;
				CLANG_WARN_SUSPICIOUS_MOVE = YES;
				CLANG_WARN_UNGUARDED_AVAILABILITY = YES_AGGRESSIVE;
				CLANG_WARN_UNREACHABLE_CODE = YES;
				CLANG_WARN__DUPLICATE_METHOD_MATCH = YES;
				COPY_PHASE_STRIP = NO;
				DEBUG_INFORMATION_FORMAT = dwarf;
				ENABLE_STRICT_OBJC_MSGSEND = YES;
				ENABLE_TESTABILITY = YES;
				ENABLE_USER_SCRIPT_SANDBOXING = YES;
				GCC_C_LANGUAGE_STANDARD = gnu17;
				GCC_DYNAMIC_NO_PIC = NO;
				GCC_NO_COMMON_BLOCKS = YES;
				GCC_OPTIMIZATION_LEVEL = 0;
				GCC_PREPROCESSOR_DEFINITIONS = (
					"DEBUG=1",
					"$(inherited)",
				);
				GCC_WARN_64_TO_32_BIT_CONVERSION = YES;
				GCC_WARN_ABOUT_RETURN_TYPE = YES_ERROR;
				GCC_WARN_UNDECLARED_SELECTOR = YES;
				GCC_WARN_UNINITIALIZED_AUTOS = YES_AGGRESSIVE;
				GCC_WARN_UNUSED_FUNCTION = YES;
				GCC_WARN_UNUSED_VARIABLE = YES;
				LOCALIZATION_PREFERS_STRING_CATALOGS = YES;
				MACOSX_DEPLOYMENT_TARGET = 15.2;
				MTL_ENABLE_DEBUG_INFO = INCLUDE_SOURCE;
				MTL_FAST_MATH = YES;
				ONLY_ACTIVE_ARCH = YES;
				SDKROOT = macosx;
				SWIFT_ACTIVE_COMPILATION_CONDITIONS = "DEBUG $(inherited)";
				SWIFT_OPTIMIZATION_LEVEL = "-Onone";
			};
			name = Debug;
		};
		92FA5CD72D7BC1CB006506D0 /* Release */ = {
			isa = XCBuildConfiguration;
			buildSettings = {
				ALWAYS_SEARCH_USER_PATHS = NO;
				ASSETCATALOG_COMPILER_GENERATE_SWIFT_ASSET_SYMBOL_EXTENSIONS = YES;
				CLANG_ANALYZER_NONNULL = YES;
				CLANG_ANALYZER_NUMBER_OBJECT_CONVERSION = YES_AGGRESSIVE;
				CLANG_CXX_LANGUAGE_STANDARD = "gnu++20";
				CLANG_ENABLE_MODULES = YES;
				CLANG_ENABLE_OBJC_ARC = YES;
				CLANG_ENABLE_OBJC_WEAK = YES;
				CLANG_WARN_BLOCK_CAPTURE_AUTORELEASING = YES;
				CLANG_WARN_BOOL_CONVERSION = YES;
				CLANG_WARN_COMMA = YES;
				CLANG_WARN_CONSTANT_CONVERSION = YES;
				CLANG_WARN_DEPRECATED_OBJC_IMPLEMENTATIONS = YES;
				CLANG_WARN_DIRECT_OBJC_ISA_USAGE = YES_ERROR;
				CLANG_WARN_DOCUMENTATION_COMMENTS = YES;
				CLANG_WARN_EMPTY_BODY = YES;
				CLANG_WARN_ENUM_CONVERSION = YES;
				CLANG_WARN_INFINITE_RECURSION = YES;
				CLANG_WARN_INT_CONVERSION = YES;
				CLANG_WARN_NON_LITERAL_NULL_CONVERSION = YES;
				CLANG_WARN_OBJC_IMPLICIT_RETAIN_SELF = YES;
				CLANG_WARN_OBJC_LITERAL_CONVERSION = YES;
				CLANG_WARN_OBJC_ROOT_CLASS = YES_ERROR;
				CLANG_WARN_QUOTED_INCLUDE_IN_FRAMEWORK_HEADER = YES;
				CLANG_WARN_RANGE_LOOP_ANALYSIS = YES;
				CLANG_WARN_STRICT_PROTOTYPES = YES;
				CLANG_WARN_SUSPICIOUS_MOVE = YES;
				CLANG_WARN_UNGUARDED_AVAILABILITY = YES_AGGRESSIVE;
				CLANG_WARN_UNREACHABLE_CODE = YES;
				CLANG_WARN__DUPLICATE_METHOD_MATCH = YES;
				COPY_PHASE_STRIP = NO;
				DEBUG_INFORMATION_FORMAT = "dwarf-with-dsym";
				ENABLE_NS_ASSERTIONS = NO;
				ENABLE_STRICT_OBJC_MSGSEND = YES;
				ENABLE_USER_SCRIPT_SANDBOXING = YES;
				GCC_C_LANGUAGE_STANDARD = gnu17;
				GCC_NO_COMMON_BLOCKS = YES;
				GCC_WARN_64_TO_32_BIT_CONVERSION = YES;
				GCC_WARN_ABOUT_RETURN_TYPE = YES_ERROR;
				GCC_WARN_UNDECLARED_SELECTOR = YES;
				GCC_WARN_UNINITIALIZED_AUTOS = YES_AGGRESSIVE;
				GCC_WARN_UNUSED_FUNCTION = YES;
				GCC_WARN_UNUSED_VARIABLE = YES;
				LOCALIZATION_PREFERS_STRING_CATALOGS = YES;
				MACOSX_DEPLOYMENT_TARGET = 15.2;
				MTL_ENABLE_DEBUG_INFO = NO;
				MTL_FAST_MATH = YES;
				SDKROOT = macosx;
				SWIFT_COMPILATION_MODE = wholemodule;
			};
			name = Release;
		};
		92FA5CD92D7BC1CB006506D0 /* Debug */ = {
			isa = XCBuildConfiguration;
			buildSettings = {
				ASSETCATALOG_COMPILER_APPICON_NAME = AppIcon;
				ASSETCATALOG_COMPILER_GLOBAL_ACCENT_COLOR_NAME = AccentColor;
				CODE_SIGN_ENTITLEMENTS = SpaceScrible/SpaceScrible.entitlements;
				CODE_SIGN_IDENTITY = "Apple Development";
				CODE_SIGN_STYLE = Automatic;
				COMBINE_HIDPI_IMAGES = YES;
				CURRENT_PROJECT_VERSION = 1;
				DEVELOPMENT_ASSET_PATHS = "\"SpaceScrible/Preview Content\"";
				DEVELOPMENT_TEAM = S44UV9SWC6;
				ENABLE_PREVIEWS = YES;
				GENERATE_INFOPLIST_FILE = YES;
				INFOPLIST_KEY_NSHumanReadableCopyright = "";
				LD_RUNPATH_SEARCH_PATHS = (
					"$(inherited)",
					"@executable_path/../Frameworks",
				);
				MARKETING_VERSION = 1.0;
				PRODUCT_BUNDLE_IDENTIFIER = bchikara.SpaceScrible;
				PRODUCT_NAME = "$(TARGET_NAME)";
				PROVISIONING_PROFILE_SPECIFIER = "";
				SWIFT_EMIT_LOC_STRINGS = YES;
				SWIFT_VERSION = 5.0;
			};
			name = Debug;
		};
		92FA5CDA2D7BC1CB006506D0 /* Release */ = {
			isa = XCBuildConfiguration;
			buildSettings = {
				ASSETCATALOG_COMPILER_APPICON_NAME = AppIcon;
				ASSETCATALOG_COMPILER_GLOBAL_ACCENT_COLOR_NAME = AccentColor;
				CODE_SIGN_ENTITLEMENTS = SpaceScrible/SpaceScrible.entitlements;
				CODE_SIGN_IDENTITY = "Apple Development";
				CODE_SIGN_STYLE = Automatic;
				COMBINE_HIDPI_IMAGES = YES;
				CURRENT_PROJECT_VERSION = 1;
				DEVELOPMENT_ASSET_PATHS = "\"SpaceScrible/Preview Content\"";
				DEVELOPMENT_TEAM = S44UV9SWC6;
				ENABLE_PREVIEWS = YES;
				GENERATE_INFOPLIST_FILE = YES;
				INFOPLIST_KEY_NSHumanReadableCopyright = "";
				LD_RUNPATH_SEARCH_PATHS = (
					"$(inherited)",
					"@executable_path/../Frameworks",
				);
				MARKETING_VERSION = 1.0;
				PRODUCT_BUNDLE_IDENTIFIER = bchikara.SpaceScrible;
				PRODUCT_NAME = "$(TARGET_NAME)";
				PROVISIONING_PROFILE_SPECIFIER = "";
				SWIFT_EMIT_LOC_STRINGS = YES;
				SWIFT_VERSION = 5.0;
			};
			name = Release;
		};
		92FA5CDC2D7BC1CB006506D0 /* Debug */ = {
			isa = XCBuildConfiguration;
			buildSettings = {
				BUNDLE_LOADER = "$(TEST_HOST)";
				"CODE_SIGN_IDENTITY[sdk=macosx*]" = "-";
				CODE_SIGN_STYLE = Automatic;
				CURRENT_PROJECT_VERSION = 1;
				GENERATE_INFOPLIST_FILE = YES;
				MACOSX_DEPLOYMENT_TARGET = 15.2;
				MARKETING_VERSION = 1.0;
				PRODUCT_BUNDLE_IDENTIFIER = bchikara.SpaceScribleTests;
				PRODUCT_NAME = "$(TARGET_NAME)";
				SWIFT_EMIT_LOC_STRINGS = NO;
				SWIFT_VERSION = 5.0;
				TEST_HOST = "$(BUILT_PRODUCTS_DIR)/SpaceScrible.app/$(BUNDLE_EXECUTABLE_FOLDER_PATH)/SpaceScrible";
			};
			name = Debug;
		};
		92FA5CDD2D7BC1CB006506D0 /* Release */ = {
			isa = XCBuildConfiguration;
			buildSettings = {
				BUNDLE_LOADER = "$(TEST_HOST)";
				"CODE_SIGN_IDENTITY[sdk=macosx*]" = "-";
				CODE_SIGN_STYLE = Automatic;
				CURRENT_PROJECT_VERSION = 1;
				GENERATE_INFOPLIST_FILE = YES;
				MACOSX_DEPLOYMENT_TARGET = 15.2;
				MARKETING_VERSION = 1.0;
				PRODUCT_BUNDLE_IDENTIFIER = bchikara.SpaceScribleTests;
				PRODUCT_NAME = "$(TARGET_NAME)";
				SWIFT_EMIT_LOC_STRINGS = NO;
				SWIFT_VERSION = 5.0;
				TEST_HOST = "$(BUILT_PRODUCTS_DIR)/SpaceScrible.app/$(BUNDLE_EXECUTABLE_FOLDER_PATH)/SpaceScrible";
			};
			name = Release;
		};
		92FA5CDF2D7BC1CB006506D0 /* Debug */ = {
			isa = XCBuildConfiguration;
			buildSettings = {
				CODE_SIGN_STYLE = Automatic;
				CURRENT_PROJECT_VERSION = 1;
				GENERATE_INFOPLIST_FILE = YES;
				MARKETING_VERSION = 1.0;
				PRODUCT_BUNDLE_IDENTIFIER = bchikara.SpaceScribleUITests;
				PRODUCT_NAME = "$(TARGET_NAME)";
				SWIFT_EMIT_LOC_STRINGS = NO;
				SWIFT_VERSION = 5.0;
				TEST_TARGET_NAME = SpaceScrible;
			};
			name = Debug;
		};
		92FA5CE02D7BC1CB006506D0 /* Release */ = {
			isa = XCBuildConfiguration;
			buildSettings = {
				CODE_SIGN_STYLE = Automatic;
				CURRENT_PROJECT_VERSION = 1;
				GENERATE_INFOPLIST_FILE = YES;
				MARKETING_VERSION = 1.0;
				PRODUCT_BUNDLE_IDENTIFIER = bchikara.SpaceScribleUITests;
				PRODUCT_NAME = "$(TARGET_NAME)";
				SWIFT_EMIT_LOC_STRINGS = NO;
				SWIFT_VERSION = 5.0;
				TEST_TARGET_NAME = SpaceScrible;
			};
			name = Release;
		};
/* End XCBuildConfiguration section */

/* Begin XCConfigurationList section */
		92FA5CAE2D7BC1CA006506D0 /* Build configuration list for PBXProject "SpaceScrible" */ = {
			isa = XCConfigurationList;
			buildConfigurations = (
				92FA5CD62D7BC1CB006506D0 /* Debug */,
				92FA5CD72D7BC1CB006506D0 /* Release */,
			);
			defaultConfigurationIsVisible = 0;
			defaultConfigurationName = Release;
		};
		92FA5CD82D7BC1CB006506D0 /* Build configuration list for PBXNativeTarget "SpaceScrible" */ = {
			isa = XCConfigurationList;
			buildConfigurations = (
				92FA5CD92D7BC1CB006506D0 /* Debug */,
				92FA5CDA2D7BC1CB006506D0 /* Release */,
			);
			defaultConfigurationIsVisible = 0;
			defaultConfigurationName = Release;
		};
		92FA5CDB2D7BC1CB006506D0 /* Build configuration list for PBXNativeTarget "SpaceScribleTests" */ = {
			isa = XCConfigurationList;
			buildConfigurations = (
				92FA5CDC2D7BC1CB006506D0 /* Debug */,
				92FA5CDD2D7BC1CB006506D0 /* Release */,
			);
			defaultConfigurationIsVisible = 0;
			defaultConfigurationName = Release;
		};
		92FA5CDE2D7BC1CB006506D0 /* Build configuration list for PBXNativeTarget "SpaceScribleUITests" */ = {
			isa = XCConfigurationList;
			buildConfigurations = (
				92FA5CDF2D7BC1CB006506D0 /* Debug */,
				92FA5CE02D7BC1CB006506D0 /* Release */,
			);
			defaultConfigurationIsVisible = 0;
			defaultConfigurationName = Release;
		};
/* End XCConfigurationList section */
	};
	rootObject = 92FA5CAB2D7BC1CA006506D0 /* Project object */;
}
